{
	"name": "flap-frenzy",
	"lockfileVersion": 3,
	"requires": true,
	"packages": {
		"": {
			"name": "flap-frenzy",
			"dependencies": {
				"elics": "0.1.5",
				"gamepad-wrapper": "1.3.4",
				"localforage": "1.10.0",
				"ratk": "0.3.0",
				"three": "npm:super-three@0.165.0",
				"troika-three-text": "0.49.1"
			}
		},
		"node_modules/bidi-js": {
			"version": "1.0.3",
			"resolved": "https://registry.npmjs.org/bidi-js/-/bidi-js-1.0.3.tgz",
			"integrity": "sha512-RKshQI1R3YQ+n9YJz2QQ147P66ELpa1FQEg20Dk8oW9t2KgLbpDLLp9aGZ7y8WHSshDknG0bknqGw5/tyCs5tw==",
			"dependencies": {
				"require-from-string": "^2.0.2"
			}
		},
		"node_modules/elics": {
			"version": "0.1.5",
			"resolved": "https://registry.npmjs.org/elics/-/elics-0.1.5.tgz",
			"integrity": "sha512-Q7hbz1NABNEDeVnb39atRYTHrr9AM2hTpTVKyfGBGS4JFCS8a/phCV98dxVpJz3jPU63rX5ZftxGl7NjLJqtMQ=="
		},
		"node_modules/gamepad-wrapper": {
			"version": "1.3.4",
			"resolved": "https://registry.npmjs.org/gamepad-wrapper/-/gamepad-wrapper-1.3.4.tgz",
			"integrity": "sha512-HNJGd6inINNaMBiTQ4rZpF3SOTlW0jKzHrukQoQoBA/WnaP43WicfIpUN2jczbfCirJGV7ynVCgD3ppx26WVZw=="
		},
		"node_modules/immediate": {
			"version": "3.0.6",
			"resolved": "https://registry.npmjs.org/immediate/-/immediate-3.0.6.tgz",
			"integrity": "sha512-XXOFtyqDjNDAQxVfYxuF7g9Il/IbWmmlQg2MYKOH8ExIT1qg6xc4zyS3HaEEATgs1btfzxq15ciUiY7gjSXRGQ=="
		},
		"node_modules/lie": {
			"version": "3.1.1",
			"resolved": "https://registry.npmjs.org/lie/-/lie-3.1.1.tgz",
			"integrity": "sha512-RiNhHysUjhrDQntfYSfY4MU24coXXdEOgw9WGcKHNeEwffDYbF//u87M1EWaMGzuFoSbqW0C9C6lEEhDOAswfw==",
			"dependencies": {
				"immediate": "~3.0.5"
			}
		},
		"node_modules/localforage": {
			"version": "1.10.0",
			"resolved": "https://registry.npmjs.org/localforage/-/localforage-1.10.0.tgz",
			"integrity": "sha512-14/H1aX7hzBBmmh7sGPd+AOMkkIrHM3Z1PAyGgZigA1H1p5O5ANnMyWzvpAETtG68/dC4pC0ncy3+PPGzXZHPg==",
			"dependencies": {
				"lie": "3.1.1"
			}
		},
		"node_modules/ratk": {
			"version": "0.3.0",
			"resolved": "https://registry.npmjs.org/ratk/-/ratk-0.3.0.tgz",
			"integrity": "sha512-IAxfc/e7Qfj/dpbMtQ7s4J/uo8fFVQUMgU4tQTEhuuom9FHAdnnou1enO0gY4Ei/MK5nfzoA90QhgEVZERvsHA==",
			"peerDependencies": {
				"three": ">0.121.1"
			}
		},
		"node_modules/require-from-string": {
			"version": "2.0.2",
			"resolved": "https://registry.npmjs.org/require-from-string/-/require-from-string-2.0.2.tgz",
			"integrity": "sha512-Xf0nWe6RseziFMu+Ap9biiUbmplq6S9/p+7w7YXP/JBHhrUDDUhwa+vANyubuqfZWTveU//DYVGsDG7RKL/vEw==",
			"engines": {
				"node": ">=0.10.0"
			}
		},
		"node_modules/three": {
			"name": "super-three",
			"version": "0.165.0",
			"resolved": "https://registry.npmjs.org/super-three/-/super-three-0.165.0.tgz",
			"integrity": "sha512-eWPg+uVNXNi/49Hlge87PIbBlreyrtsfplQpY/UZ5sgcr9z9PL/w3YKj2vG9FQaSqOleP3me6NqDvL4JPGT/WA=="
		},
		"node_modules/troika-three-text": {
			"version": "0.49.1",
			"resolved": "https://registry.npmjs.org/troika-three-text/-/troika-three-text-0.49.1.tgz",
			"integrity": "sha512-lXGWxgjJP9kw4i4Wh+0k0Q/7cRfS6iOME4knKht/KozPu9GcFA9NnNpRvehIhrUawq9B0ZRw+0oiFHgRO+4Wig==",
			"dependencies": {
				"bidi-js": "^1.0.2",
				"troika-three-utils": "^0.49.0",
				"troika-worker-utils": "^0.49.0",
				"webgl-sdf-generator": "1.1.1"
			},
			"peerDependencies": {
				"three": ">=0.125.0"
			}
		},
		"node_modules/troika-three-utils": {
			"version": "0.49.0",
			"resolved": "https://registry.npmjs.org/troika-three-utils/-/troika-three-utils-0.49.0.tgz",
			"integrity": "sha512-umitFL4cT+Fm/uONmaQEq4oZlyRHWwVClaS6ZrdcueRvwc2w+cpNQ47LlJKJswpqtMFWbEhOLy0TekmcPZOdYA==",
			"peerDependencies": {
				"three": ">=0.125.0"
			}
		},
		"node_modules/troika-worker-utils": {
			"version": "0.49.0",
			"resolved": "https://registry.npmjs.org/troika-worker-utils/-/troika-worker-utils-0.49.0.tgz",
			"integrity": "sha512-1xZHoJrG0HFfCvT/iyN41DvI/nRykiBtHqFkGaGgJwq5iXfIZFBiPPEHFpPpgyKM3Oo5ITHXP5wM2TNQszYdVg=="
		},
		"node_modules/webgl-sdf-generator": {
			"version": "1.1.1",
			"resolved": "https://registry.npmjs.org/webgl-sdf-generator/-/webgl-sdf-generator-1.1.1.tgz",
			"integrity": "sha512-9Z0JcMTFxeE+b2x1LJTdnaT8rT8aEp7MVxkNwoycNmJWwPdzoXzMh0BjJSh/AEFP+KPYZUli814h8bJZFIZ2jA=="
		}
	}
}
